
Microsoft Visual Studio Solution File, Format Version 12.00
# Visual Studio Version 16
VisualStudioVersion = 16.0.30611.23
MinimumVisualStudioVersion = 10.0.40219.1
Project("{FAE04EC0-301F-11D3-BF4B-00C04F79EFBC}") = "dotNet5781_00_8745_8236", "dotNet5781_00_8745_8236\dotNet5781_00_8745_8236.csproj", "{6593340D-83B7-4A03-BC3F-6E7BF267B3D9}"
EndProject
Project("{FAE04EC0-301F-11D3-BF4B-00C04F79EFBC}") = "dotNet5781_01_8745_8236", "dotNet5781_01_8745_8236\dotNet5781_01_8745_8236.csproj", "{D0579C99-70F9-44CB-9926-225994D3EF53}"
EndProject
Project("{FAE04EC0-301F-11D3-BF4B-00C04F79EFBC}") = "dotNet5781_02_8745_8236", "dotNet5781_02_8745_8236\dotNet5781_02_8745_8236.csproj", "{4DC50737-94D7-4AD5-A41C-0965C2FC8195}"
EndProject
Global
	GlobalSection(SolutionConfigurationPlatforms) = preSolution
		Debug|Any CPU = Debug|Any CPU
		Release|Any CPU = Release|Any CPU
	EndGlobalSection
	GlobalSection(ProjectConfigurationPlatforms) = postSolution
		{6593340D-83B7-4A03-BC3F-6E7BF267B3D9}.Debug|Any CPU.ActiveCfg = Debug|Any CPU
		{6593340D-83B7-4A03-BC3F-6E7BF267B3D9}.Debug|Any CPU.Build.0 = Debug|Any CPU
		{6593340D-83B7-4A03-BC3F-6E7BF267B3D9}.Release|Any CPU.ActiveCfg = Release|Any CPU
		{6593340D-83B7-4A03-BC3F-6E7BF267B3D9}.Release|Any CPU.Build.0 = Release|Any CPU
		{D0579C99-70F9-44CB-9926-225994D3EF53}.Debug|Any CPU.ActiveCfg = Debug|Any CPU
		{D0579C99-70F9-44CB-9926-225994D3EF53}.Debug|Any CPU.Build.0 = Debug|Any CPU
		{D0579C99-70F9-44CB-9926-225994D3EF53}.Release|Any CPU.ActiveCfg = Release|Any CPU
		{D0579C99-70F9-44CB-9926-225994D3EF53}.Release|Any CPU.Build.0 = Release|Any CPU
		{4DC50737-94D7-4AD5-A41C-0965C2FC8195}.Debug|Any CPU.ActiveCfg = Debug|Any CPU
		{4DC50737-94D7-4AD5-A41C-0965C2FC8195}.Debug|Any CPU.Build.0 = Debug|Any CPU
		{4DC50737-94D7-4AD5-A41C-0965C2FC8195}.Release|Any CPU.ActiveCfg = Release|Any CPU
		{4DC50737-94D7-4AD5-A41C-0965C2FC8195}.Release|Any CPU.Build.0 = Release|Any CPU
	EndGlobalSection
	GlobalSection(SolutionProperties) = preSolution
		HideSolutionNode = FALSE
	EndGlobalSection
	GlobalSection(ExtensibilityGlobals) = postSolution
		SolutionGuid = {29C51CF4-981E-4FC8-84B6-5FB198C88722}
	EndGlobalSection
EndGlobal
